# This file is generated by running "yarn install" inside your project.
# Manual changes might be lost - proceed with caution!

__metadata:
  version: 6
  cacheKey: 8

"@deathbeds/doitoml@workspace:.":
  version: 0.0.0-use.local
  resolution: "@deathbeds/doitoml@workspace:."
  dependencies:
    prettier: ^2.8.7
    prettier-plugin-sort-json: ^1.0.0
  languageName: unknown
  linkType: soft

"@types/prettier@npm:^2.7.2":
  version: 2.7.2
  resolution: "@types/prettier@npm:2.7.2"
  checksum: b47d76a5252265f8d25dd2fe2a5a61dc43ba0e6a96ffdd00c594cb4fd74c1982c2e346497e3472805d97915407a09423804cc2110a0b8e1b22cffcab246479b7
  languageName: node
  linkType: hard

"prettier-plugin-sort-json@npm:^1.0.0":
  version: 1.0.0
  resolution: "prettier-plugin-sort-json@npm:1.0.0"
  dependencies:
    "@types/prettier": ^2.7.2
  peerDependencies:
    prettier: ^2.3.2
  checksum: 4a490e1eec43d0f2602318ecf68088864e09ad1b43c353c5f2feed48d154f11227c32af8981cf8207d23741067dae7f10b8b1671588334459290f2e297504b15
  languageName: node
  linkType: hard

"prettier@npm:^2.8.7":
  version: 2.8.7
  resolution: "prettier@npm:2.8.7"
  bin:
    prettier: bin-prettier.js
  checksum: fdc8f2616f099f5f0d685907f4449a70595a0fc1d081a88919604375989e0d5e9168d6121d8cc6861f21990b31665828e00472544d785d5940ea08a17660c3a6
  languageName: node
  linkType: hard
